
Microsoft Visual Studio Solution File, Format Version 12.00
# Visual Studio Version 17
VisualStudioVersion = 17.5.002.0
MinimumVisualStudioVersion = 10.0.40219.1
Project("{9A19103F-16F7-4668-BE54-9A1E7A4F7556}") = "upp", "upp.csproj", "{803C4FE5-DC02-4148-9C97-FB0A803469D8}"
EndProject
Global
	GlobalSection(SolutionConfigurationPlatforms) = preSolution
		Debug|Any CPU = Debug|Any CPU
		Release|Any CPU = Release|Any CPU
	EndGlobalSection
	GlobalSection(ProjectConfigurationPlatforms) = postSolution
		{803C4FE5-DC02-4148-9C97-FB0A803469D8}.Debug|Any CPU.ActiveCfg = Debug|Any CPU
		{803C4FE5-DC02-4148-9C97-FB0A803469D8}.Debug|Any CPU.Build.0 = Debug|Any CPU
		{803C4FE5-DC02-4148-9C97-FB0A803469D8}.Release|Any CPU.ActiveCfg = Release|Any CPU
		{803C4FE5-DC02-4148-9C97-FB0A803469D8}.Release|Any CPU.Build.0 = Release|Any CPU
	EndGlobalSection
	GlobalSection(SolutionProperties) = preSolution
		HideSolutionNode = FALSE
	EndGlobalSection
	GlobalSection(ExtensibilityGlobals) = postSolution
		SolutionGuid = {0626A374-AC5D-4DD8-B618-BB2712DFA161}
	EndGlobalSection
EndGlobal
